
Microsoft Visual Studio Solution File, Format Version 12.00
Project("{FAE04EC0-301F-11D3-BF4B-00C04F79EFBC}") = "TestProject1", "TestProject1\TestProject1.csproj", "{26421B2B-D9A4-4117-A096-FA01D8900B7A}"
EndProject
Project("{FAE04EC0-301F-11D3-BF4B-00C04F79EFBC}") = "ConsoleApp1", "ConsoleApp1\ConsoleApp1.csproj", "{50543784-B407-4599-BA9B-28D505F11B9D}"
EndProject
Global
	GlobalSection(SolutionConfigurationPlatforms) = preSolution
		Debug|Any CPU = Debug|Any CPU
		Release|Any CPU = Release|Any CPU
	EndGlobalSection
	GlobalSection(ProjectConfigurationPlatforms) = postSolution
		{26421B2B-D9A4-4117-A096-FA01D8900B7A}.Debug|Any CPU.ActiveCfg = Debug|Any CPU
		{26421B2B-D9A4-4117-A096-FA01D8900B7A}.Debug|Any CPU.Build.0 = Debug|Any CPU
		{26421B2B-D9A4-4117-A096-FA01D8900B7A}.Release|Any CPU.ActiveCfg = Release|Any CPU
		{26421B2B-D9A4-4117-A096-FA01D8900B7A}.Release|Any CPU.Build.0 = Release|Any CPU
		{50543784-B407-4599-BA9B-28D505F11B9D}.Debug|Any CPU.ActiveCfg = Debug|Any CPU
		{50543784-B407-4599-BA9B-28D505F11B9D}.Debug|Any CPU.Build.0 = Debug|Any CPU
		{50543784-B407-4599-BA9B-28D505F11B9D}.Release|Any CPU.ActiveCfg = Release|Any CPU
		{50543784-B407-4599-BA9B-28D505F11B9D}.Release|Any CPU.Build.0 = Release|Any CPU
	EndGlobalSection
EndGlobal
